
Microsoft Visual Studio Solution File, Format Version 12.00
# Visual Studio Version 17
VisualStudioVersion = 17.3.32901.215
MinimumVisualStudioVersion = 10.0.40219.1
Project("{FAE04EC0-301F-11D3-BF4B-00C04F79EFBC}") = "TEST PROG22", "TEST PROG\TEST PROG22.csproj", "{AF0526F3-2E0F-4286-B76C-92105EAFC7C1}"
EndProject
Project("{FAE04EC0-301F-11D3-BF4B-00C04F79EFBC}") = "PodzielLiczby100Rekurencja", "PodzielLiczby100Rekurencja\PodzielLiczby100Rekurencja.csproj", "{2D0800FE-55EF-4F84-AF36-9D36CDB4992F}"
EndProject
Project("{FAE04EC0-301F-11D3-BF4B-00C04F79EFBC}") = "HappyClerk", "HappyClerk\HappyClerk.csproj", "{535431C5-5D38-4150-827B-3204E406032A}"
EndProject
Project("{FAE04EC0-301F-11D3-BF4B-00C04F79EFBC}") = "FuzzBuzz", "FuzzBuzz\FuzzBuzz.csproj", "{D7295E2A-0E87-4B7D-B8A2-7FE436379611}"
EndProject
Project("{FAE04EC0-301F-11D3-BF4B-00C04F79EFBC}") = "RecursionTree", "RecursionTree\RecursionTree.csproj", "{4F4B41A8-2A98-4215-B320-0CE95C3839BB}"
EndProject
Project("{FAE04EC0-301F-11D3-BF4B-00C04F79EFBC}") = "ProjClassInterfEtc", "ProjClassInterfEtc\ProjClassInterfEtc.csproj", "{9387AECA-ABA5-47AB-8762-8F8F7A24EBBE}"
EndProject
Project("{FAE04EC0-301F-11D3-BF4B-00C04F79EFBC}") = "JedrekSilniaRekurencyjnie", "JedrekSilniaRekurencyjnie\JedrekSilniaRekurencyjnie.csproj", "{19907AE2-5368-411A-B443-0C0689D8DC70}"
EndProject
Project("{FAE04EC0-301F-11D3-BF4B-00C04F79EFBC}") = "ProjektInterfaceTest", "Proj1\ProjektInterfaceTest.csproj", "{E0C083A6-1A24-42F2-BA9C-F28E3B053508}"
EndProject
Project("{FAE04EC0-301F-11D3-BF4B-00C04F79EFBC}") = "AndrzejRental", "AndrzejRental\AndrzejRental.csproj", "{5A15AD06-1BB7-4950-8DA4-F7582AF5BEF1}"
EndProject
Global
	GlobalSection(SolutionConfigurationPlatforms) = preSolution
		Debug|Any CPU = Debug|Any CPU
		Release|Any CPU = Release|Any CPU
	EndGlobalSection
	GlobalSection(ProjectConfigurationPlatforms) = postSolution
		{AF0526F3-2E0F-4286-B76C-92105EAFC7C1}.Debug|Any CPU.ActiveCfg = Debug|Any CPU
		{AF0526F3-2E0F-4286-B76C-92105EAFC7C1}.Debug|Any CPU.Build.0 = Debug|Any CPU
		{AF0526F3-2E0F-4286-B76C-92105EAFC7C1}.Release|Any CPU.ActiveCfg = Release|Any CPU
		{AF0526F3-2E0F-4286-B76C-92105EAFC7C1}.Release|Any CPU.Build.0 = Release|Any CPU
		{2D0800FE-55EF-4F84-AF36-9D36CDB4992F}.Debug|Any CPU.ActiveCfg = Debug|Any CPU
		{2D0800FE-55EF-4F84-AF36-9D36CDB4992F}.Debug|Any CPU.Build.0 = Debug|Any CPU
		{2D0800FE-55EF-4F84-AF36-9D36CDB4992F}.Release|Any CPU.ActiveCfg = Release|Any CPU
		{2D0800FE-55EF-4F84-AF36-9D36CDB4992F}.Release|Any CPU.Build.0 = Release|Any CPU
		{535431C5-5D38-4150-827B-3204E406032A}.Debug|Any CPU.ActiveCfg = Debug|Any CPU
		{535431C5-5D38-4150-827B-3204E406032A}.Debug|Any CPU.Build.0 = Debug|Any CPU
		{535431C5-5D38-4150-827B-3204E406032A}.Release|Any CPU.ActiveCfg = Release|Any CPU
		{535431C5-5D38-4150-827B-3204E406032A}.Release|Any CPU.Build.0 = Release|Any CPU
		{D7295E2A-0E87-4B7D-B8A2-7FE436379611}.Debug|Any CPU.ActiveCfg = Debug|Any CPU
		{D7295E2A-0E87-4B7D-B8A2-7FE436379611}.Debug|Any CPU.Build.0 = Debug|Any CPU
		{D7295E2A-0E87-4B7D-B8A2-7FE436379611}.Release|Any CPU.ActiveCfg = Release|Any CPU
		{D7295E2A-0E87-4B7D-B8A2-7FE436379611}.Release|Any CPU.Build.0 = Release|Any CPU
		{4F4B41A8-2A98-4215-B320-0CE95C3839BB}.Debug|Any CPU.ActiveCfg = Debug|Any CPU
		{4F4B41A8-2A98-4215-B320-0CE95C3839BB}.Debug|Any CPU.Build.0 = Debug|Any CPU
		{4F4B41A8-2A98-4215-B320-0CE95C3839BB}.Release|Any CPU.ActiveCfg = Release|Any CPU
		{4F4B41A8-2A98-4215-B320-0CE95C3839BB}.Release|Any CPU.Build.0 = Release|Any CPU
		{9387AECA-ABA5-47AB-8762-8F8F7A24EBBE}.Debug|Any CPU.ActiveCfg = Debug|Any CPU
		{9387AECA-ABA5-47AB-8762-8F8F7A24EBBE}.Debug|Any CPU.Build.0 = Debug|Any CPU
		{9387AECA-ABA5-47AB-8762-8F8F7A24EBBE}.Release|Any CPU.ActiveCfg = Release|Any CPU
		{9387AECA-ABA5-47AB-8762-8F8F7A24EBBE}.Release|Any CPU.Build.0 = Release|Any CPU
		{19907AE2-5368-411A-B443-0C0689D8DC70}.Debug|Any CPU.ActiveCfg = Debug|Any CPU
		{19907AE2-5368-411A-B443-0C0689D8DC70}.Debug|Any CPU.Build.0 = Debug|Any CPU
		{19907AE2-5368-411A-B443-0C0689D8DC70}.Release|Any CPU.ActiveCfg = Release|Any CPU
		{19907AE2-5368-411A-B443-0C0689D8DC70}.Release|Any CPU.Build.0 = Release|Any CPU
		{E0C083A6-1A24-42F2-BA9C-F28E3B053508}.Debug|Any CPU.ActiveCfg = Debug|Any CPU
		{E0C083A6-1A24-42F2-BA9C-F28E3B053508}.Debug|Any CPU.Build.0 = Debug|Any CPU
		{E0C083A6-1A24-42F2-BA9C-F28E3B053508}.Release|Any CPU.ActiveCfg = Release|Any CPU
		{E0C083A6-1A24-42F2-BA9C-F28E3B053508}.Release|Any CPU.Build.0 = Release|Any CPU
		{5A15AD06-1BB7-4950-8DA4-F7582AF5BEF1}.Debug|Any CPU.ActiveCfg = Debug|Any CPU
		{5A15AD06-1BB7-4950-8DA4-F7582AF5BEF1}.Debug|Any CPU.Build.0 = Debug|Any CPU
		{5A15AD06-1BB7-4950-8DA4-F7582AF5BEF1}.Release|Any CPU.ActiveCfg = Release|Any CPU
		{5A15AD06-1BB7-4950-8DA4-F7582AF5BEF1}.Release|Any CPU.Build.0 = Release|Any CPU
	EndGlobalSection
	GlobalSection(SolutionProperties) = preSolution
		HideSolutionNode = FALSE
	EndGlobalSection
	GlobalSection(ExtensibilityGlobals) = postSolution
		SolutionGuid = {EE274E6A-D51D-4959-A318-40525183F3BC}
	EndGlobalSection
EndGlobal
